
Microsoft Visual Studio Solution File, Format Version 12.00
# Visual Studio 15
VisualStudioVersion = 15.0.28010.2026
MinimumVisualStudioVersion = 10.0.40219.1
Project("{FAE04EC0-301F-11D3-BF4B-00C04F79EFBC}") = "ETL", "ETL\ETL.csproj", "{DB349C0A-618B-4D1B-83BB-C132C9D7B475}"
EndProject
Global
	GlobalSection(SolutionConfigurationPlatforms) = preSolution
		Debug|Any CPU = Debug|Any CPU
		Release|Any CPU = Release|Any CPU
	EndGlobalSection
	GlobalSection(ProjectConfigurationPlatforms) = postSolution
		{DB349C0A-618B-4D1B-83BB-C132C9D7B475}.Debug|Any CPU.ActiveCfg = Debug|Any CPU
		{DB349C0A-618B-4D1B-83BB-C132C9D7B475}.Debug|Any CPU.Build.0 = Debug|Any CPU
		{DB349C0A-618B-4D1B-83BB-C132C9D7B475}.Release|Any CPU.ActiveCfg = Release|Any CPU
		{DB349C0A-618B-4D1B-83BB-C132C9D7B475}.Release|Any CPU.Build.0 = Release|Any CPU
	EndGlobalSection
	GlobalSection(SolutionProperties) = preSolution
		HideSolutionNode = FALSE
	EndGlobalSection
	GlobalSection(ExtensibilityGlobals) = postSolution
		SolutionGuid = {F7A4AFE8-CF48-4396-8B15-8D4478780F58}
	EndGlobalSection
EndGlobal
